Microsoft Visual Studio Solution File, Format Version 12.00
# Visual Studio Version 17
VisualStudioVersion = 17.13.35931.197
MinimumVisualStudioVersion = 10.0.40219.1
Project("{FAE04EC0-301F-11D3-BF4B-00C04F79EFBC}") = "MvcMovie", "MvcMovie\MvcMovie.csproj", "{FD0A99BA-CDAB-4B14-9C7E-69DC835D0396}"
EndProject
Global
	GlobalSection(SolutionConfigurationPlatforms) = preSolution
		Debug|Any CPU = Debug|Any CPU
		Release|Any CPU = Release|Any CPU
	EndGlobalSection
	GlobalSection(ProjectConfigurationPlatforms) = postSolution
		{FD0A99BA-CDAB-4B14-9C7E-69DC835D0396}.Debug|Any CPU.ActiveCfg = Debug|Any CPU
		{FD0A99BA-CDAB-4B14-9C7E-69DC835D0396}.Debug|Any CPU.Build.0 = Debug|Any CPU
		{FD0A99BA-CDAB-4B14-9C7E-69DC835D0396}.Release|Any CPU.ActiveCfg = Release|Any CPU
		{FD0A99BA-CDAB-4B14-9C7E-69DC835D0396}.Release|Any CPU.Build.0 = Release|Any CPU
	EndGlobalSection
	GlobalSection(SolutionProperties) = preSolution
		HideSolutionNode = FALSE
	EndGlobalSection
	GlobalSection(ExtensibilityGlobals) = postSolution
		SolutionGuid = {7956D189-C9A9-4A4A-B6C9-24B92793F7C2}
	EndGlobalSection
EndGlobal
